
Microsoft Visual Studio Solution File, Format Version 12.00
# Visual Studio Version 17
VisualStudioVersion = 17.8.34511.84
MinimumVisualStudioVersion = 10.0.40219.1
Project("{9A19103F-16F7-4668-BE54-9A1E7A4F7556}") = "BO", "BO\BO.csproj", "{44847B7A-1DE4-464D-81EA-51CF063E85CD}"
EndProject
Project("{9A19103F-16F7-4668-BE54-9A1E7A4F7556}") = "DAO", "DAO\DAO.csproj", "{75ABC42D-7C59-449F-98B4-7931A4553745}"
EndProject
Project("{9A19103F-16F7-4668-BE54-9A1E7A4F7556}") = "Repositories", "Repositories\Repositories.csproj", "{9ADB3FAE-C037-4721-8DB0-1AA7B893BFFE}"
EndProject
Project("{9A19103F-16F7-4668-BE54-9A1E7A4F7556}") = "Services", "Services\Services.csproj", "{297A8A69-6809-4BBD-9C36-64E17AF9AB6D}"
EndProject
Project("{9A19103F-16F7-4668-BE54-9A1E7A4F7556}") = "RazorStoreRe", "RazorStoreRe\RazorStoreRe.csproj", "{03DC6E35-2C38-4B1D-B18E-C880A6C52936}"
EndProject
Global
	GlobalSection(SolutionConfigurationPlatforms) = preSolution
		Debug|Any CPU = Debug|Any CPU
		Release|Any CPU = Release|Any CPU
	EndGlobalSection
	GlobalSection(ProjectConfigurationPlatforms) = postSolution
		{44847B7A-1DE4-464D-81EA-51CF063E85CD}.Debug|Any CPU.ActiveCfg = Debug|Any CPU
		{44847B7A-1DE4-464D-81EA-51CF063E85CD}.Debug|Any CPU.Build.0 = Debug|Any CPU
		{44847B7A-1DE4-464D-81EA-51CF063E85CD}.Release|Any CPU.ActiveCfg = Release|Any CPU
		{44847B7A-1DE4-464D-81EA-51CF063E85CD}.Release|Any CPU.Build.0 = Release|Any CPU
		{75ABC42D-7C59-449F-98B4-7931A4553745}.Debug|Any CPU.ActiveCfg = Debug|Any CPU
		{75ABC42D-7C59-449F-98B4-7931A4553745}.Debug|Any CPU.Build.0 = Debug|Any CPU
		{75ABC42D-7C59-449F-98B4-7931A4553745}.Release|Any CPU.ActiveCfg = Release|Any CPU
		{75ABC42D-7C59-449F-98B4-7931A4553745}.Release|Any CPU.Build.0 = Release|Any CPU
		{9ADB3FAE-C037-4721-8DB0-1AA7B893BFFE}.Debug|Any CPU.ActiveCfg = Debug|Any CPU
		{9ADB3FAE-C037-4721-8DB0-1AA7B893BFFE}.Debug|Any CPU.Build.0 = Debug|Any CPU
		{9ADB3FAE-C037-4721-8DB0-1AA7B893BFFE}.Release|Any CPU.ActiveCfg = Release|Any CPU
		{9ADB3FAE-C037-4721-8DB0-1AA7B893BFFE}.Release|Any CPU.Build.0 = Release|Any CPU
		{297A8A69-6809-4BBD-9C36-64E17AF9AB6D}.Debug|Any CPU.ActiveCfg = Debug|Any CPU
		{297A8A69-6809-4BBD-9C36-64E17AF9AB6D}.Debug|Any CPU.Build.0 = Debug|Any CPU
		{297A8A69-6809-4BBD-9C36-64E17AF9AB6D}.Release|Any CPU.ActiveCfg = Release|Any CPU
		{297A8A69-6809-4BBD-9C36-64E17AF9AB6D}.Release|Any CPU.Build.0 = Release|Any CPU
		{03DC6E35-2C38-4B1D-B18E-C880A6C52936}.Debug|Any CPU.ActiveCfg = Debug|Any CPU
		{03DC6E35-2C38-4B1D-B18E-C880A6C52936}.Debug|Any CPU.Build.0 = Debug|Any CPU
		{03DC6E35-2C38-4B1D-B18E-C880A6C52936}.Release|Any CPU.ActiveCfg = Release|Any CPU
		{03DC6E35-2C38-4B1D-B18E-C880A6C52936}.Release|Any CPU.Build.0 = Release|Any CPU
	EndGlobalSection
	GlobalSection(SolutionProperties) = preSolution
		HideSolutionNode = FALSE
	EndGlobalSection
	GlobalSection(ExtensibilityGlobals) = postSolution
		SolutionGuid = {33C2D3A6-B0F7-4333-8E5C-2A08549EF899}
	EndGlobalSection
EndGlobal
